// !$*UTF8*$!
{
	archiveVersion = 1;
	classes = {
	};
	objectVersion = 46;
	objects = {

/* Begin PBXBuildFile section */
		18D6C40922139589003C3786 /* README.md in Resources */ = {isa = PBXBuildFile; fileRef = 18D6C40822139589003C3786 /* README.md */; };
		4CCDE1802252AD780089BF7F /* Minefield.swift in Sources */ = {isa = PBXBuildFile; fileRef = 4CCDE17F2252AD780089BF7F /* Minefield.swift */; };
		4CCDE1822252F6DA0089BF7F /* Cartfile in Resources */ = {isa = PBXBuildFile; fileRef = 4CCDE1812252F6DA0089BF7F /* Cartfile */; };
		4CCDE1862252F7BF0089BF7F /* ReactiveSwift.framework in Frameworks */ = {isa = PBXBuildFile; fileRef = 4CCDE1842252F7BF0089BF7F /* ReactiveSwift.framework */; };
		C61B5E931EA14CB600607BF5 /* AppDelegate.swift in Sources */ = {isa = PBXBuildFile; fileRef = C61B5E921EA14CB600607BF5 /* AppDelegate.swift */; };
		C61B5E951EA14CB600607BF5 /* MinefieldViewController.swift in Sources */ = {isa = PBXBuildFile; fileRef = C61B5E941EA14CB600607BF5 /* MinefieldViewController.swift */; };
		C61B5E981EA14CB600607BF5 /* Main.storyboard in Resources */ = {isa = PBXBuildFile; fileRef = C61B5E961EA14CB600607BF5 /* Main.storyboard */; };
		C61B5E9A1EA14CB600607BF5 /* Assets.xcassets in Resources */ = {isa = PBXBuildFile; fileRef = C61B5E991EA14CB600607BF5 /* Assets.xcassets */; };
		C61B5E9D1EA14CB600607BF5 /* LaunchScreen.storyboard in Resources */ = {isa = PBXBuildFile; fileRef = C61B5E9B1EA14CB600607BF5 /* LaunchScreen.storyboard */; };
		C6F445AC1EA5631400D6F440 /* MinefieldCollectionViewCell.swift in Sources */ = {isa = PBXBuildFile; fileRef = C6F445AB1EA5631400D6F440 /* MinefieldCollectionViewCell.swift */; };
/* End PBXBuildFile section */

/* Begin PBXFileReference section */
		18D6C40822139589003C3786 /* README.md */ = {isa = PBXFileReference; fileEncoding = 4; lastKnownFileType = net.daringfireball.markdown; path = README.md; sourceTree = "<group>"; wrapsLines = 1; };
		4CCDE17F2252AD780089BF7F /* Minefield.swift */ = {isa = PBXFileReference; lastKnownFileType = sourcecode.swift; path = Minefield.swift; sourceTree = "<group>"; };
		4CCDE1812252F6DA0089BF7F /* Cartfile */ = {isa = PBXFileReference; fileEncoding = 4; lastKnownFileType = text; path = Cartfile; sourceTree = "<group>"; };
		4CCDE1842252F7BF0089BF7F /* ReactiveSwift.framework */ = {isa = PBXFileReference; lastKnownFileType = wrapper.framework; name = ReactiveSwift.framework; path = iSweeper/Carthage/Build/iOS/ReactiveSwift.framework; sourceTree = "<group>"; };
		4CCDE1852252F7BF0089BF7F /* Result.framework */ = {isa = PBXFileReference; lastKnownFileType = wrapper.framework; name = Result.framework; path = iSweeper/Carthage/Build/iOS/Result.framework; sourceTree = "<group>"; };
		C61B5E8F1EA14CB600607BF5 /* MineSweeper.app */ = {isa = PBXFileReference; explicitFileType = wrapper.application; includeInIndex = 0; path = MineSweeper.app; sourceTree = BUILT_PRODUCTS_DIR; };
		C61B5E921EA14CB600607BF5 /* AppDelegate.swift */ = {isa = PBXFileReference; lastKnownFileType = sourcecode.swift; path = AppDelegate.swift; sourceTree = "<group>"; };
		C61B5E941EA14CB600607BF5 /* MinefieldViewController.swift */ = {isa = PBXFileReference; lastKnownFileType = sourcecode.swift; path = MinefieldViewController.swift; sourceTree = "<group>"; };
		C61B5E971EA14CB600607BF5 /* Base */ = {isa = PBXFileReference; lastKnownFileType = file.storyboard; name = Base; path = Base.lproj/Main.storyboard; sourceTree = "<group>"; };
		C61B5E991EA14CB600607BF5 /* Assets.xcassets */ = {isa = PBXFileReference; lastKnownFileType = folder.assetcatalog; path = Assets.xcassets; sourceTree = "<group>"; };
		C61B5E9C1EA14CB600607BF5 /* Base */ = {isa = PBXFileReference; lastKnownFileType = file.storyboard; name = Base; path = Base.lproj/LaunchScreen.storyboard; sourceTree = "<group>"; };
		C61B5E9E1EA14CB600607BF5 /* Info.plist */ = {isa = PBXFileReference; lastKnownFileType = text.plist.xml; path = Info.plist; sourceTree = "<group>"; };
		C6F445AB1EA5631400D6F440 /* MinefieldCollectionViewCell.swift */ = {isa = PBXFileReference; fileEncoding = 4; lastKnownFileType = sourcecode.swift; path = MinefieldCollectionViewCell.swift; sourceTree = "<group>"; };
/* End PBXFileReference section */

/* Begin PBXFrameworksBuildPhase section */
		C61B5E8C1EA14CB600607BF5 /* Frameworks */ = {
			isa = PBXFrameworksBuildPhase;
			buildActionMask = 2147483647;
			files = (
				4CCDE1862252F7BF0089BF7F /* ReactiveSwift.framework in Frameworks */,
			);
			runOnlyForDeploymentPostprocessing = 0;
		};
/* End PBXFrameworksBuildPhase section */

/* Begin PBXGroup section */
		4CCDE1832252F7BF0089BF7F /* Frameworks */ = {
			isa = PBXGroup;
			children = (
				4CCDE1842252F7BF0089BF7F /* ReactiveSwift.framework */,
				4CCDE1852252F7BF0089BF7F /* Result.framework */,
			);
			name = Frameworks;
			sourceTree = "<group>";
		};
		C61B5E861EA14CB600607BF5 = {
			isa = PBXGroup;
			children = (
				C61B5E911EA14CB600607BF5 /* MineSweeper */,
				C61B5E901EA14CB600607BF5 /* Products */,
				4CCDE1832252F7BF0089BF7F /* Frameworks */,
			);
			sourceTree = "<group>";
		};
		C61B5E901EA14CB600607BF5 /* Products */ = {
			isa = PBXGroup;
			children = (
				C61B5E8F1EA14CB600607BF5 /* MineSweeper.app */,
			);
			name = Products;
			sourceTree = "<group>";
		};
		C61B5E911EA14CB600607BF5 /* MineSweeper */ = {
			isa = PBXGroup;
			children = (
				C61B5E921EA14CB600607BF5 /* AppDelegate.swift */,
				C61B5E991EA14CB600607BF5 /* Assets.xcassets */,
				4CCDE1812252F6DA0089BF7F /* Cartfile */,
				C61B5E9E1EA14CB600607BF5 /* Info.plist */,
				C61B5E9B1EA14CB600607BF5 /* LaunchScreen.storyboard */,
				C61B5E961EA14CB600607BF5 /* Main.storyboard */,
				C6F445AB1EA5631400D6F440 /* MinefieldCollectionViewCell.swift */,
				4CCDE17F2252AD780089BF7F /* Minefield.swift */,
				C61B5E941EA14CB600607BF5 /* MinefieldViewController.swift */,
				18D6C40822139589003C3786 /* README.md */,
			);
			path = MineSweeper;
			sourceTree = "<group>";
		};
/* End PBXGroup section */

/* Begin PBXNativeTarget section */
		C61B5E8E1EA14CB600607BF5 /* MineSweeper */ = {
			isa = PBXNativeTarget;
			buildConfigurationList = C61B5EA11EA14CB600607BF5 /* Build configuration list for PBXNativeTarget "MineSweeper" */;
			buildPhases = (
				C61B5E8B1EA14CB600607BF5 /* Sources */,
				C61B5E8C1EA14CB600607BF5 /* Frameworks */,
				C61B5E8D1EA14CB600607BF5 /* Resources */,
				4CCDE1882252F7D00089BF7F /* Copy Carthage Frameworks */,
			);
			buildRules = (
			);
			dependencies = (
			);
			name = MineSweeper;
			productName = iSweeper;
			productReference = C61B5E8F1EA14CB600607BF5 /* MineSweeper.app */;
			productType = "com.apple.product-type.application";
		};
/* End PBXNativeTarget section */

/* Begin PBXProject section */
		C61B5E871EA14CB600607BF5 /* Project object */ = {
			isa = PBXProject;
			attributes = {
				LastSwiftUpdateCheck = 0830;
				LastUpgradeCheck = 1020;
				ORGANIZATIONNAME = "Butterfly Network, Inc";
				TargetAttributes = {
					C61B5E8E1EA14CB600607BF5 = {
						CreatedOnToolsVersion = 8.3.1;
						DevelopmentTeam = 55PL542ZUV;
						LastSwiftMigration = 1020;
						ProvisioningStyle = Automatic;
					};
				};
			};
			buildConfigurationList = C61B5E8A1EA14CB600607BF5 /* Build configuration list for PBXProject "MineSweeper" */;
			compatibilityVersion = "Xcode 3.2";
			developmentRegion = en;
			hasScannedForEncodings = 0;
			knownRegions = (
				en,
				Base,
			);
			mainGroup = C61B5E861EA14CB600607BF5;
			productRefGroup = C61B5E901EA14CB600607BF5 /* Products */;
			projectDirPath = "";
			projectRoot = "";
			targets = (
				C61B5E8E1EA14CB600607BF5 /* MineSweeper */,
			);
		};
/* End PBXProject section */

/* Begin PBXResourcesBuildPhase section */
		C61B5E8D1EA14CB600607BF5 /* Resources */ = {
			isa = PBXResourcesBuildPhase;
			buildActionMask = 2147483647;
			files = (
				4CCDE1822252F6DA0089BF7F /* Cartfile in Resources */,
				C61B5E9D1EA14CB600607BF5 /* LaunchScreen.storyboard in Resources */,
				C61B5E9A1EA14CB600607BF5 /* Assets.xcassets in Resources */,
				18D6C40922139589003C3786 /* README.md in Resources */,
				C61B5E981EA14CB600607BF5 /* Main.storyboard in Resources */,
			);
			runOnlyForDeploymentPostprocessing = 0;
		};
/* End PBXResourcesBuildPhase section */

/* Begin PBXShellScriptBuildPhase section */
		4CCDE1882252F7D00089BF7F /* Copy Carthage Frameworks */ = {
			isa = PBXShellScriptBuildPhase;
			buildActionMask = 2147483647;
			files = (
			);
			inputFileListPaths = (
			);
			inputPaths = (
				"$(SRCROOT)/MineSweeper/Carthage/Build/iOS/ReactiveSwift.framework",
			);
			name = "Copy Carthage Frameworks";
			outputFileListPaths = (
			);
			outputPaths = (
				"$(BUILT_PRODUCTS_DIR)/$(FRAMEWORKS_FOLDER_PATH)/ReactiveSwift.framework",
			);
			runOnlyForDeploymentPostprocessing = 0;
			shellPath = /bin/sh;
			shellScript = "/usr/local/bin/carthage copy-frameworks\n";
		};
/* End PBXShellScriptBuildPhase section */

/* Begin PBXSourcesBuildPhase section */
		C61B5E8B1EA14CB600607BF5 /* Sources */ = {
			isa = PBXSourcesBuildPhase;
			buildActionMask = 2147483647;
			files = (
				C61B5E951EA14CB600607BF5 /* MinefieldViewController.swift in Sources */,
				C6F445AC1EA5631400D6F440 /* MinefieldCollectionViewCell.swift in Sources */,
				C61B5E931EA14CB600607BF5 /* AppDelegate.swift in Sources */,
				4CCDE1802252AD780089BF7F /* Minefield.swift in Sources */,
			);
			runOnlyForDeploymentPostprocessing = 0;
		};
/* End PBXSourcesBuildPhase section */

/* Begin PBXVariantGroup section */
		C61B5E961EA14CB600607BF5 /* Main.storyboard */ = {
			isa = PBXVariantGroup;
			children = (
				C61B5E971EA14CB600607BF5 /* Base */,
			);
			name = Main.storyboard;
			sourceTree = "<group>";
		};
		C61B5E9B1EA14CB600607BF5 /* LaunchScreen.storyboard */ = {
			isa = PBXVariantGroup;
			children = (
				C61B5E9C1EA14CB600607BF5 /* Base */,
			);
			name = LaunchScreen.storyboard;
			sourceTree = "<group>";
		};
/* End PBXVariantGroup section */

/* Begin XCBuildConfiguration section */
		C61B5E9F1EA14CB600607BF5 /* Debug */ = {
			isa = XCBuildConfiguration;
			buildSettings = {
				ALWAYS_SEARCH_USER_PATHS = NO;
				CLANG_ANALYZER_LOCALIZABILITY_NONLOCALIZED = YES;
				CLANG_ANALYZER_NONNULL = YES;
				CLANG_ANALYZER_NUMBER_OBJECT_CONVERSION = YES_AGGRESSIVE;
				CLANG_CXX_LANGUAGE_STANDARD = "gnu++0x";
				CLANG_CXX_LIBRARY = "libc++";
				CLANG_ENABLE_MODULES = YES;
				CLANG_ENABLE_OBJC_ARC = YES;
				CLANG_WARN_BLOCK_CAPTURE_AUTORELEASING = YES;
				CLANG_WARN_BOOL_CONVERSION = YES;
				CLANG_WARN_COMMA = YES;
				CLANG_WARN_CONSTANT_CONVERSION = YES;
				CLANG_WARN_DEPRECATED_OBJC_IMPLEMENTATIONS = YES;
				CLANG_WARN_DIRECT_OBJC_ISA_USAGE = YES_ERROR;
				CLANG_WARN_DOCUMENTATION_COMMENTS = YES;
				CLANG_WARN_EMPTY_BODY = YES;
				CLANG_WARN_ENUM_CONVERSION = YES;
				CLANG_WARN_INFINITE_RECURSION = YES;
				CLANG_WARN_INT_CONVERSION = YES;
				CLANG_WARN_NON_LITERAL_NULL_CONVERSION = YES;
				CLANG_WARN_OBJC_IMPLICIT_RETAIN_SELF = YES;
				CLANG_WARN_OBJC_LITERAL_CONVERSION = YES;
				CLANG_WARN_OBJC_ROOT_CLASS = YES_ERROR;
				CLANG_WARN_RANGE_LOOP_ANALYSIS = YES;
				CLANG_WARN_STRICT_PROTOTYPES = YES;
				CLANG_WARN_SUSPICIOUS_MOVE = YES;
				CLANG_WARN_UNREACHABLE_CODE = YES;
				CLANG_WARN__DUPLICATE_METHOD_MATCH = YES;
				"CODE_SIGN_IDENTITY[sdk=iphoneos*]" = "iPhone Developer";
				COPY_PHASE_STRIP = NO;
				DEBUG_INFORMATION_FORMAT = dwarf;
				ENABLE_STRICT_OBJC_MSGSEND = YES;
				ENABLE_TESTABILITY = YES;
				GCC_C_LANGUAGE_STANDARD = gnu99;
				GCC_DYNAMIC_NO_PIC = NO;
				GCC_NO_COMMON_BLOCKS = YES;
				GCC_OPTIMIZATION_LEVEL = 0;
				GCC_PREPROCESSOR_DEFINITIONS = (
					"DEBUG=1",
					"$(inherited)",
				);
				GCC_WARN_64_TO_32_BIT_CONVERSION = YES;
				GCC_WARN_ABOUT_RETURN_TYPE = YES_ERROR;
				GCC_WARN_UNDECLARED_SELECTOR = YES;
				GCC_WARN_UNINITIALIZED_AUTOS = YES_AGGRESSIVE;
				GCC_WARN_UNUSED_FUNCTION = YES;
				GCC_WARN_UNUSED_VARIABLE = YES;
				IPHONEOS_DEPLOYMENT_TARGET = 10.3;
				MTL_ENABLE_DEBUG_INFO = YES;
				ONLY_ACTIVE_ARCH = YES;
				SDKROOT = iphoneos;
				SWIFT_ACTIVE_COMPILATION_CONDITIONS = DEBUG;
				SWIFT_OPTIMIZATION_LEVEL = "-Onone";
				TARGETED_DEVICE_FAMILY = 2;
			};
			name = Debug;
		};
		C61B5EA01EA14CB600607BF5 /* Release */ = {
			isa = XCBuildConfiguration;
			buildSettings = {
				ALWAYS_SEARCH_USER_PATHS = NO;
				CLANG_ANALYZER_LOCALIZABILITY_NONLOCALIZED = YES;
				CLANG_ANALYZER_NONNULL = YES;
				CLANG_ANALYZER_NUMBER_OBJECT_CONVERSION = YES_AGGRESSIVE;
				CLANG_CXX_LANGUAGE_STANDARD = "gnu++0x";
				CLANG_CXX_LIBRARY = "libc++";
				CLANG_ENABLE_MODULES = YES;
				CLANG_ENABLE_OBJC_ARC = YES;
				CLANG_WARN_BLOCK_CAPTURE_AUTORELEASING = YES;
				CLANG_WARN_BOOL_CONVERSION = YES;
				CLANG_WARN_COMMA = YES;
				CLANG_WARN_CONSTANT_CONVERSION = YES;
				CLANG_WARN_DEPRECATED_OBJC_IMPLEMENTATIONS = YES;
				CLANG_WARN_DIRECT_OBJC_ISA_USAGE = YES_ERROR;
				CLANG_WARN_DOCUMENTATION_COMMENTS = YES;
				CLANG_WARN_EMPTY_BODY = YES;
				CLANG_WARN_ENUM_CONVERSION = YES;
				CLANG_WARN_INFINITE_RECURSION = YES;
				CLANG_WARN_INT_CONVERSION = YES;
				CLANG_WARN_NON_LITERAL_NULL_CONVERSION = YES;
				CLANG_WARN_OBJC_IMPLICIT_RETAIN_SELF = YES;
				CLANG_WARN_OBJC_LITERAL_CONVERSION = YES;
				CLANG_WARN_OBJC_ROOT_CLASS = YES_ERROR;
				CLANG_WARN_RANGE_LOOP_ANALYSIS = YES;
				CLANG_WARN_STRICT_PROTOTYPES = YES;
				CLANG_WARN_SUSPICIOUS_MOVE = YES;
				CLANG_WARN_UNREACHABLE_CODE = YES;
				CLANG_WARN__DUPLICATE_METHOD_MATCH = YES;
				"CODE_SIGN_IDENTITY[sdk=iphoneos*]" = "iPhone Developer";
				COPY_PHASE_STRIP = NO;
				DEBUG_INFORMATION_FORMAT = "dwarf-with-dsym";
				ENABLE_NS_ASSERTIONS = NO;
				ENABLE_STRICT_OBJC_MSGSEND = YES;
				GCC_C_LANGUAGE_STANDARD = gnu99;
				GCC_NO_COMMON_BLOCKS = YES;
				GCC_WARN_64_TO_32_BIT_CONVERSION = YES;
				GCC_WARN_ABOUT_RETURN_TYPE = YES_ERROR;
				GCC_WARN_UNDECLARED_SELECTOR = YES;
				GCC_WARN_UNINITIALIZED_AUTOS = YES_AGGRESSIVE;
				GCC_WARN_UNUSED_FUNCTION = YES;
				GCC_WARN_UNUSED_VARIABLE = YES;
				IPHONEOS_DEPLOYMENT_TARGET = 10.3;
				MTL_ENABLE_DEBUG_INFO = NO;
				SDKROOT = iphoneos;
				SWIFT_OPTIMIZATION_LEVEL = "-Owholemodule";
				TARGETED_DEVICE_FAMILY = 2;
				VALIDATE_PRODUCT = YES;
			};
			name = Release;
		};
		C61B5EA21EA14CB600607BF5 /* Debug */ = {
			isa = XCBuildConfiguration;
			buildSettings = {
				ASSETCATALOG_COMPILER_APPICON_NAME = AppIcon;
				DEVELOPMENT_TEAM = 55PL542ZUV;
				FRAMEWORK_SEARCH_PATHS = (
					"$(inherited)",
					"$(PROJECT_DIR)/MineSweeper/Carthage/Build/iOS",
				);
				INFOPLIST_FILE = MineSweeper/Info.plist;
				IPHONEOS_DEPLOYMENT_TARGET = 11.0;
				LD_RUNPATH_SEARCH_PATHS = "$(inherited) @executable_path/Frameworks";
				PRODUCT_BUNDLE_IDENTIFIER = com.heliotropix.MineSweeper;
				PRODUCT_NAME = "$(TARGET_NAME)";
				SWIFT_VERSION = 5.0;
			};
			name = Debug;
		};
		C61B5EA31EA14CB600607BF5 /* Release */ = {
			isa = XCBuildConfiguration;
			buildSettings = {
				ASSETCATALOG_COMPILER_APPICON_NAME = AppIcon;
				DEVELOPMENT_TEAM = 55PL542ZUV;
				FRAMEWORK_SEARCH_PATHS = (
					"$(inherited)",
					"$(PROJECT_DIR)/MineSweeper/Carthage/Build/iOS",
				);
				INFOPLIST_FILE = MineSweeper/Info.plist;
				IPHONEOS_DEPLOYMENT_TARGET = 11.0;
				LD_RUNPATH_SEARCH_PATHS = "$(inherited) @executable_path/Frameworks";
				PRODUCT_BUNDLE_IDENTIFIER = com.heliotropix.MineSweeper;
				PRODUCT_NAME = "$(TARGET_NAME)";
				SWIFT_VERSION = 5.0;
			};
			name = Release;
		};
/* End XCBuildConfiguration section */

/* Begin XCConfigurationList section */
		C61B5E8A1EA14CB600607BF5 /* Build configuration list for PBXProject "MineSweeper" */ = {
			isa = XCConfigurationList;
			buildConfigurations = (
				C61B5E9F1EA14CB600607BF5 /* Debug */,
				C61B5EA01EA14CB600607BF5 /* Release */,
			);
			defaultConfigurationIsVisible = 0;
			defaultConfigurationName = Release;
		};
		C61B5EA11EA14CB600607BF5 /* Build configuration list for PBXNativeTarget "MineSweeper" */ = {
			isa = XCConfigurationList;
			buildConfigurations = (
				C61B5EA21EA14CB600607BF5 /* Debug */,
				C61B5EA31EA14CB600607BF5 /* Release */,
			);
			defaultConfigurationIsVisible = 0;
			defaultConfigurationName = Release;
		};
/* End XCConfigurationList section */
	};
	rootObject = C61B5E871EA14CB600607BF5 /* Project object */;
}
